
Microsoft Visual Studio Solution File, Format Version 12.00
# Visual Studio Version 17
VisualStudioVersion = 17.13.35806.99 d17.13
MinimumVisualStudioVersion = 10.0.40219.1
Project("{54A90642-561A-4BB1-A94E-469ADEE60C69}") = "bsbakeryspa.client", "bsbakeryspa.client\bsbakeryspa.client.esproj", "{F0F79CCC-1944-0B20-6B71-04453864C71B}"
EndProject
Project("{FAE04EC0-301F-11D3-BF4B-00C04F79EFBC}") = "BsBakerySPA.Server", "BsBakerySPA.Server\BsBakerySPA.Server.csproj", "{9A3F0C2D-0074-4C83-97B8-DEEBB67BE064}"
EndProject
Global
	GlobalSection(SolutionConfigurationPlatforms) = preSolution
		Debug|Any CPU = Debug|Any CPU
		Release|Any CPU = Release|Any CPU
	EndGlobalSection
	GlobalSection(ProjectConfigurationPlatforms) = postSolution
		{F0F79CCC-1944-0B20-6B71-04453864C71B}.Debug|Any CPU.ActiveCfg = Debug|Any CPU
		{F0F79CCC-1944-0B20-6B71-04453864C71B}.Debug|Any CPU.Build.0 = Debug|Any CPU
		{F0F79CCC-1944-0B20-6B71-04453864C71B}.Debug|Any CPU.Deploy.0 = Debug|Any CPU
		{F0F79CCC-1944-0B20-6B71-04453864C71B}.Release|Any CPU.ActiveCfg = Release|Any CPU
		{F0F79CCC-1944-0B20-6B71-04453864C71B}.Release|Any CPU.Build.0 = Release|Any CPU
		{F0F79CCC-1944-0B20-6B71-04453864C71B}.Release|Any CPU.Deploy.0 = Release|Any CPU
		{9A3F0C2D-0074-4C83-97B8-DEEBB67BE064}.Debug|Any CPU.ActiveCfg = Debug|Any CPU
		{9A3F0C2D-0074-4C83-97B8-DEEBB67BE064}.Debug|Any CPU.Build.0 = Debug|Any CPU
		{9A3F0C2D-0074-4C83-97B8-DEEBB67BE064}.Release|Any CPU.ActiveCfg = Release|Any CPU
		{9A3F0C2D-0074-4C83-97B8-DEEBB67BE064}.Release|Any CPU.Build.0 = Release|Any CPU
	EndGlobalSection
	GlobalSection(SolutionProperties) = preSolution
		HideSolutionNode = FALSE
	EndGlobalSection
	GlobalSection(ExtensibilityGlobals) = postSolution
		SolutionGuid = {8CB86AC6-0CB0-4FE5-83AB-A3CF8EC0634B}
	EndGlobalSection
EndGlobal
